
Microsoft Visual Studio Solution File, Format Version 12.00
# Visual Studio Version 17
VisualStudioVersion = 17.2.32516.85
MinimumVisualStudioVersion = 10.0.40219.1
Project("{FAE04EC0-301F-11D3-BF4B-00C04F79EFBC}") = "bacit-dotnet.MVC", "bacit-dotnet.MVC\bacit-dotnet.MVC.csproj", "{9891EF47-54A5-480A-8738-C3CE02DD2249}"
EndProject
Project("{FAE04EC0-301F-11D3-BF4B-00C04F79EFBC}") = "bacit-dotnet.MVC.Tests", "bacit-dotnet.MVC.Tests\bacit-dotnet.MVC.Tests.csproj", "{AFCF92D1-0C0A-4EE1-9322-B82D76DC2F02}"
EndProject
Global
	GlobalSection(SolutionConfigurationPlatforms) = preSolution
		Debug|Any CPU = Debug|Any CPU
		Release|Any CPU = Release|Any CPU
	EndGlobalSection
	GlobalSection(ProjectConfigurationPlatforms) = postSolution
		{9891EF47-54A5-480A-8738-C3CE02DD2249}.Debug|Any CPU.ActiveCfg = Debug|Any CPU
		{9891EF47-54A5-480A-8738-C3CE02DD2249}.Debug|Any CPU.Build.0 = Debug|Any CPU
		{9891EF47-54A5-480A-8738-C3CE02DD2249}.Release|Any CPU.ActiveCfg = Release|Any CPU
		{9891EF47-54A5-480A-8738-C3CE02DD2249}.Release|Any CPU.Build.0 = Release|Any CPU
		{AFCF92D1-0C0A-4EE1-9322-B82D76DC2F02}.Debug|Any CPU.ActiveCfg = Debug|Any CPU
		{AFCF92D1-0C0A-4EE1-9322-B82D76DC2F02}.Debug|Any CPU.Build.0 = Debug|Any CPU
		{AFCF92D1-0C0A-4EE1-9322-B82D76DC2F02}.Release|Any CPU.ActiveCfg = Release|Any CPU
		{AFCF92D1-0C0A-4EE1-9322-B82D76DC2F02}.Release|Any CPU.Build.0 = Release|Any CPU
	EndGlobalSection
	GlobalSection(SolutionProperties) = preSolution
		HideSolutionNode = FALSE
	EndGlobalSection
	GlobalSection(ExtensibilityGlobals) = postSolution
		SolutionGuid = {16B0444E-0F96-495A-A994-83AB3797296A}
	EndGlobalSection
EndGlobal
